{
  "meteor": {},
  "dependencies": {
    "basePackages": {
      "npm": {},
      "fontawesome4": {}
    },
    "packages": {
      "npm": {
        "git": "https://github.com/arunoda/meteor-npm.git",
        "tag": "v0.2.6",
        "commit": "177ab6118de5bf8cffb19481343d5762ff7a2aaf"
      },
      "fontawesome4": {
        "git": "https://github.com/chrismbeckett/meteor-fontawesome4.git",
        "tag": "v1.0.0",
        "commit": "fe38ec775e974f0f7855d1693dc74fd4f1b4848c"
      }
    }
  }
}
